
Microsoft Visual Studio Solution File, Format Version 12.00
# Visual Studio Version 17
VisualStudioVersion = 17.11.35219.272
MinimumVisualStudioVersion = 10.0.40219.1
Project("{FAE04EC0-301F-11D3-BF4B-00C04F79EFBC}") = "WinFormsTelefonbuchXML", "WinFormsTelefonbuchXML\WinFormsTelefonbuchXML.csproj", "{9A23F743-E317-457A-8B10-D4B22C2D1920}"
EndProject
Project("{2150E333-8FDC-42A3-9474-1A3956D46DE8}") = "Projektmappenelemente", "Projektmappenelemente", "{D611FC2C-58A8-445F-AFF5-881C6377BF97}"
EndProject
Global
	GlobalSection(SolutionConfigurationPlatforms) = preSolution
		Debug|Any CPU = Debug|Any CPU
		Release|Any CPU = Release|Any CPU
	EndGlobalSection
	GlobalSection(ProjectConfigurationPlatforms) = postSolution
		{9A23F743-E317-457A-8B10-D4B22C2D1920}.Debug|Any CPU.ActiveCfg = Debug|Any CPU
		{9A23F743-E317-457A-8B10-D4B22C2D1920}.Debug|Any CPU.Build.0 = Debug|Any CPU
		{9A23F743-E317-457A-8B10-D4B22C2D1920}.Release|Any CPU.ActiveCfg = Release|Any CPU
		{9A23F743-E317-457A-8B10-D4B22C2D1920}.Release|Any CPU.Build.0 = Release|Any CPU
	EndGlobalSection
	GlobalSection(SolutionProperties) = preSolution
		HideSolutionNode = FALSE
	EndGlobalSection
	GlobalSection(ExtensibilityGlobals) = postSolution
		SolutionGuid = {89EE3541-FB19-49F0-90FB-ECF8278E8DEF}
	EndGlobalSection
EndGlobal
